
Microsoft Visual Studio Solution File, Format Version 12.00
# Visual Studio Version 16
VisualStudioVersion = 16.0.30717.126
MinimumVisualStudioVersion = 10.0.40219.1
Project("{FAE04EC0-301F-11D3-BF4B-00C04F79EFBC}") = "matrix-cs", "matrix-cs\matrix-cs.csproj", "{5EB69E45-6158-4188-8038-9ACBA82BAE5F}"
EndProject
Global
	GlobalSection(SolutionConfigurationPlatforms) = preSolution
		Debug|Any CPU = Debug|Any CPU
		Release|Any CPU = Release|Any CPU
	EndGlobalSection
	GlobalSection(ProjectConfigurationPlatforms) = postSolution
		{5EB69E45-6158-4188-8038-9ACBA82BAE5F}.Debug|Any CPU.ActiveCfg = Debug|Any CPU
		{5EB69E45-6158-4188-8038-9ACBA82BAE5F}.Debug|Any CPU.Build.0 = Debug|Any CPU
		{5EB69E45-6158-4188-8038-9ACBA82BAE5F}.Release|Any CPU.ActiveCfg = Release|Any CPU
		{5EB69E45-6158-4188-8038-9ACBA82BAE5F}.Release|Any CPU.Build.0 = Release|Any CPU
	EndGlobalSection
	GlobalSection(SolutionProperties) = preSolution
		HideSolutionNode = FALSE
	EndGlobalSection
	GlobalSection(ExtensibilityGlobals) = postSolution
		SolutionGuid = {ACBDCB60-3742-48F3-88A4-86D33B9317AF}
	EndGlobalSection
EndGlobal
